
Microsoft Visual Studio Solution File, Format Version 12.00
# Visual Studio Version 16
VisualStudioVersion = 16.0.31026.101
MinimumVisualStudioVersion = 10.0.40219.1
Project("{9A19103F-16F7-4668-BE54-9A1E7A4F7556}") = "Math", "src\Calculator\Math.csproj", "{005780A6-C77E-4DE2-929A-2D012AE0E26E}"
EndProject
Project("{2150E333-8FDC-42A3-9474-1A3956D46DE8}") = "src", "src", "{C1843EC1-37F4-497D-BEDC-59AC23EA6DD4}"
EndProject
Project("{2150E333-8FDC-42A3-9474-1A3956D46DE8}") = "tests", "tests", "{E08E410E-DEF8-4D29-B5AB-720D021AA1D4}"
EndProject
Project("{2150E333-8FDC-42A3-9474-1A3956D46DE8}") = "Math", "Math", "{3E55A394-47F8-4F4B-ACF1-B9F522CFF905}"
EndProject
Project("{9A19103F-16F7-4668-BE54-9A1E7A4F7556}") = "Banking", "src\Bank\Banking.csproj", "{D165E90D-CD21-4CCC-97A8-B06F3139C3A8}"
EndProject
Project("{2150E333-8FDC-42A3-9474-1A3956D46DE8}") = "Banking", "Banking", "{0A7A2DF0-79E6-4C3A-80E8-651E72B20AB9}"
EndProject
Project("{9A19103F-16F7-4668-BE54-9A1E7A4F7556}") = "BankingTests", "tests\Banking\BankingTests\BankingTests.csproj", "{4FE1ACD1-1FD3-4089-B42D-831E51A38E5B}"
EndProject
Project("{9A19103F-16F7-4668-BE54-9A1E7A4F7556}") = "MathTests", "tests\Math\MathTests\MathTests.csproj", "{7787EDA6-99AB-4D17-BA7F-AE6E87716919}"
EndProject
Project("{2150E333-8FDC-42A3-9474-1A3956D46DE8}") = "API", "API", "{4C6ACE27-1A9F-4DC0-BBCC-EBA2725F8C8B}"
EndProject
Project("{9A19103F-16F7-4668-BE54-9A1E7A4F7556}") = "TestAPI", "src\TestAPI\TestAPI.csproj", "{56BDC4F2-EAC1-4B9F-9387-1B65565F5993}"
EndProject
Project("{2150E333-8FDC-42A3-9474-1A3956D46DE8}") = "Http", "Http", "{3C9E6B0E-8D2E-4F5D-A043-8325FB27757B}"
EndProject
Project("{9A19103F-16F7-4668-BE54-9A1E7A4F7556}") = "Communicator", "src\Http\Communicator\Communicator.csproj", "{7FD73708-6FC8-4599-8074-D38E0BBFA80E}"
EndProject
Project("{2150E333-8FDC-42A3-9474-1A3956D46DE8}") = "Logging", "Logging", "{A7D209B9-3F54-4471-916E-9EBEBD3BDB7A}"
EndProject
Project("{9A19103F-16F7-4668-BE54-9A1E7A4F7556}") = "Logging", "src\Loggings\Logging.csproj", "{0949F36B-FA99-45B1-90CC-908C2738FFDE}"
EndProject
Project("{FAE04EC0-301F-11D3-BF4B-00C04F79EFBC}") = "Tests", "src\Tests\Tests.csproj", "{13FC0E5A-2E27-4203-8FCB-DB3A625E28BD}"
EndProject
Project("{2150E333-8FDC-42A3-9474-1A3956D46DE8}") = "TestObjects", "TestObjects", "{727657B3-F55F-4587-B69A-5170A34171D1}"
EndProject
Project("{FAE04EC0-301F-11D3-BF4B-00C04F79EFBC}") = "TestObjects", "tests\TestObjects\TestObjects.csproj", "{EF6C58A5-D15D-4E34-85FC-3EFC62EE6400}"
EndProject
Global
	GlobalSection(SolutionConfigurationPlatforms) = preSolution
		Debug|Any CPU = Debug|Any CPU
		Release|Any CPU = Release|Any CPU
	EndGlobalSection
	GlobalSection(ProjectConfigurationPlatforms) = postSolution
		{005780A6-C77E-4DE2-929A-2D012AE0E26E}.Debug|Any CPU.ActiveCfg = Debug|Any CPU
		{005780A6-C77E-4DE2-929A-2D012AE0E26E}.Debug|Any CPU.Build.0 = Debug|Any CPU
		{005780A6-C77E-4DE2-929A-2D012AE0E26E}.Release|Any CPU.ActiveCfg = Release|Any CPU
		{005780A6-C77E-4DE2-929A-2D012AE0E26E}.Release|Any CPU.Build.0 = Release|Any CPU
		{D165E90D-CD21-4CCC-97A8-B06F3139C3A8}.Debug|Any CPU.ActiveCfg = Debug|Any CPU
		{D165E90D-CD21-4CCC-97A8-B06F3139C3A8}.Debug|Any CPU.Build.0 = Debug|Any CPU
		{D165E90D-CD21-4CCC-97A8-B06F3139C3A8}.Release|Any CPU.ActiveCfg = Release|Any CPU
		{D165E90D-CD21-4CCC-97A8-B06F3139C3A8}.Release|Any CPU.Build.0 = Release|Any CPU
		{4FE1ACD1-1FD3-4089-B42D-831E51A38E5B}.Debug|Any CPU.ActiveCfg = Debug|Any CPU
		{4FE1ACD1-1FD3-4089-B42D-831E51A38E5B}.Debug|Any CPU.Build.0 = Debug|Any CPU
		{4FE1ACD1-1FD3-4089-B42D-831E51A38E5B}.Release|Any CPU.ActiveCfg = Release|Any CPU
		{4FE1ACD1-1FD3-4089-B42D-831E51A38E5B}.Release|Any CPU.Build.0 = Release|Any CPU
		{7787EDA6-99AB-4D17-BA7F-AE6E87716919}.Debug|Any CPU.ActiveCfg = Debug|Any CPU
		{7787EDA6-99AB-4D17-BA7F-AE6E87716919}.Debug|Any CPU.Build.0 = Debug|Any CPU
		{7787EDA6-99AB-4D17-BA7F-AE6E87716919}.Release|Any CPU.ActiveCfg = Release|Any CPU
		{7787EDA6-99AB-4D17-BA7F-AE6E87716919}.Release|Any CPU.Build.0 = Release|Any CPU
		{56BDC4F2-EAC1-4B9F-9387-1B65565F5993}.Debug|Any CPU.ActiveCfg = Debug|Any CPU
		{56BDC4F2-EAC1-4B9F-9387-1B65565F5993}.Debug|Any CPU.Build.0 = Debug|Any CPU
		{56BDC4F2-EAC1-4B9F-9387-1B65565F5993}.Release|Any CPU.ActiveCfg = Release|Any CPU
		{56BDC4F2-EAC1-4B9F-9387-1B65565F5993}.Release|Any CPU.Build.0 = Release|Any CPU
		{7FD73708-6FC8-4599-8074-D38E0BBFA80E}.Debug|Any CPU.ActiveCfg = Debug|Any CPU
		{7FD73708-6FC8-4599-8074-D38E0BBFA80E}.Debug|Any CPU.Build.0 = Debug|Any CPU
		{7FD73708-6FC8-4599-8074-D38E0BBFA80E}.Release|Any CPU.ActiveCfg = Release|Any CPU
		{7FD73708-6FC8-4599-8074-D38E0BBFA80E}.Release|Any CPU.Build.0 = Release|Any CPU
		{0949F36B-FA99-45B1-90CC-908C2738FFDE}.Debug|Any CPU.ActiveCfg = Debug|Any CPU
		{0949F36B-FA99-45B1-90CC-908C2738FFDE}.Debug|Any CPU.Build.0 = Debug|Any CPU
		{0949F36B-FA99-45B1-90CC-908C2738FFDE}.Release|Any CPU.ActiveCfg = Release|Any CPU
		{0949F36B-FA99-45B1-90CC-908C2738FFDE}.Release|Any CPU.Build.0 = Release|Any CPU
		{13FC0E5A-2E27-4203-8FCB-DB3A625E28BD}.Debug|Any CPU.ActiveCfg = Debug|Any CPU
		{13FC0E5A-2E27-4203-8FCB-DB3A625E28BD}.Debug|Any CPU.Build.0 = Debug|Any CPU
		{13FC0E5A-2E27-4203-8FCB-DB3A625E28BD}.Release|Any CPU.ActiveCfg = Release|Any CPU
		{13FC0E5A-2E27-4203-8FCB-DB3A625E28BD}.Release|Any CPU.Build.0 = Release|Any CPU
		{EF6C58A5-D15D-4E34-85FC-3EFC62EE6400}.Debug|Any CPU.ActiveCfg = Debug|Any CPU
		{EF6C58A5-D15D-4E34-85FC-3EFC62EE6400}.Debug|Any CPU.Build.0 = Debug|Any CPU
		{EF6C58A5-D15D-4E34-85FC-3EFC62EE6400}.Release|Any CPU.ActiveCfg = Release|Any CPU
		{EF6C58A5-D15D-4E34-85FC-3EFC62EE6400}.Release|Any CPU.Build.0 = Release|Any CPU
	EndGlobalSection
	GlobalSection(SolutionProperties) = preSolution
		HideSolutionNode = FALSE
	EndGlobalSection
	GlobalSection(NestedProjects) = preSolution
		{005780A6-C77E-4DE2-929A-2D012AE0E26E} = {C1843EC1-37F4-497D-BEDC-59AC23EA6DD4}
		{3E55A394-47F8-4F4B-ACF1-B9F522CFF905} = {E08E410E-DEF8-4D29-B5AB-720D021AA1D4}
		{D165E90D-CD21-4CCC-97A8-B06F3139C3A8} = {C1843EC1-37F4-497D-BEDC-59AC23EA6DD4}
		{0A7A2DF0-79E6-4C3A-80E8-651E72B20AB9} = {E08E410E-DEF8-4D29-B5AB-720D021AA1D4}
		{4FE1ACD1-1FD3-4089-B42D-831E51A38E5B} = {0A7A2DF0-79E6-4C3A-80E8-651E72B20AB9}
		{7787EDA6-99AB-4D17-BA7F-AE6E87716919} = {3E55A394-47F8-4F4B-ACF1-B9F522CFF905}
		{4C6ACE27-1A9F-4DC0-BBCC-EBA2725F8C8B} = {C1843EC1-37F4-497D-BEDC-59AC23EA6DD4}
		{56BDC4F2-EAC1-4B9F-9387-1B65565F5993} = {4C6ACE27-1A9F-4DC0-BBCC-EBA2725F8C8B}
		{3C9E6B0E-8D2E-4F5D-A043-8325FB27757B} = {C1843EC1-37F4-497D-BEDC-59AC23EA6DD4}
		{7FD73708-6FC8-4599-8074-D38E0BBFA80E} = {3C9E6B0E-8D2E-4F5D-A043-8325FB27757B}
		{A7D209B9-3F54-4471-916E-9EBEBD3BDB7A} = {C1843EC1-37F4-497D-BEDC-59AC23EA6DD4}
		{0949F36B-FA99-45B1-90CC-908C2738FFDE} = {A7D209B9-3F54-4471-916E-9EBEBD3BDB7A}
		{13FC0E5A-2E27-4203-8FCB-DB3A625E28BD} = {C1843EC1-37F4-497D-BEDC-59AC23EA6DD4}
		{727657B3-F55F-4587-B69A-5170A34171D1} = {E08E410E-DEF8-4D29-B5AB-720D021AA1D4}
		{EF6C58A5-D15D-4E34-85FC-3EFC62EE6400} = {727657B3-F55F-4587-B69A-5170A34171D1}
	EndGlobalSection
	GlobalSection(ExtensibilityGlobals) = postSolution
		SolutionGuid = {6EEB6683-5C42-493A-BCBD-C2F411B970B1}
	EndGlobalSection
EndGlobal
